
Microsoft Visual Studio Solution File, Format Version 12.00
# Visual Studio Version 16
VisualStudioVersion = 16.0.29326.143
MinimumVisualStudioVersion = 10.0.40219.1
Project("{2150E333-8FDC-42A3-9474-1A3956D46DE8}") = "BuildingBlocks", "BuildingBlocks", "{0E3A5E3D-310F-48F3-8F47-EC66C37E897D}"
EndProject
Project("{2150E333-8FDC-42A3-9474-1A3956D46DE8}") = "Services", "Services", "{278B5D87-39DB-41F0-9CA8-C02026FDFECB}"
EndProject
Project("{2150E333-8FDC-42A3-9474-1A3956D46DE8}") = "WebApps", "WebApps", "{8386FC28-334E-486C-8BBD-5BA642327D9F}"
EndProject
Project("{9A19103F-16F7-4668-BE54-9A1E7A4F7556}") = "Rise.WebApp.Mvc", "src\Rise.WebApp.Mvc\Rise.WebApp.Mvc.csproj", "{D8423790-6775-4ED0-A2A7-3910E7AEE421}"
EndProject
Project("{2150E333-8FDC-42A3-9474-1A3956D46DE8}") = "Users", "Users", "{4865DBD0-80B9-49C2-9CA7-BA2209CA28A4}"
EndProject
Project("{2150E333-8FDC-42A3-9474-1A3956D46DE8}") = "Core", "Core", "{BBF2B8C1-FF40-4F6C-9E70-EF3344E228D7}"
EndProject
Project("{9A19103F-16F7-4668-BE54-9A1E7A4F7556}") = "Rise.Core", "src\Rise.Core\Rise.Core.csproj", "{304E5BA4-C3BF-4120-860A-699365427D1B}"
EndProject
Project("{9A19103F-16F7-4668-BE54-9A1E7A4F7556}") = "Rise.Core.WebApp", "src\Rise.Core.WebApp\Rise.Core.WebApp.csproj", "{B7D22E0C-B50E-43FD-AC3C-CF160B733869}"
EndProject
Project("{9A19103F-16F7-4668-BE54-9A1E7A4F7556}") = "Rise.Users.Domain", "src\Rise.Users.Domain\Rise.Users.Domain.csproj", "{5E376F50-C595-4319-9990-D1CB14B43C2B}"
EndProject
Project("{9A19103F-16F7-4668-BE54-9A1E7A4F7556}") = "Rise.Users.Data", "src\Rise.Users.Data\Rise.Users.Data.csproj", "{0A26BE32-28EA-4C04-8751-B57661B96FC9}"
EndProject
Project("{9A19103F-16F7-4668-BE54-9A1E7A4F7556}") = "Rise.Users.Application", "src\Rise.Users.Application\Rise.Users.Application.csproj", "{7C238F56-743B-42FE-8C62-4B3048D389AC}"
EndProject
Project("{9A19103F-16F7-4668-BE54-9A1E7A4F7556}") = "Rise.WebApp.Api", "src\Rise.WebApp.Api\Rise.WebApp.Api.csproj", "{CD2F4423-15F1-4AAC-B89D-55B935C15F66}"
EndProject
Project("{2150E333-8FDC-42A3-9474-1A3956D46DE8}") = "Students", "Students", "{0C3E00D8-74C7-4768-A72A-0F99E9B79235}"
EndProject
Project("{9A19103F-16F7-4668-BE54-9A1E7A4F7556}") = "Rise.Students.Application", "src\Rise.Student.Application\Rise.Students.Application.csproj", "{DBFD01D7-E51B-4720-8E1E-22EE8E3C4C48}"
EndProject
Project("{9A19103F-16F7-4668-BE54-9A1E7A4F7556}") = "Rise.Students.Data", "src\Rise.Student.Data\Rise.Students.Data.csproj", "{6952C343-6325-4DBA-B851-B746707556BB}"
EndProject
Project("{9A19103F-16F7-4668-BE54-9A1E7A4F7556}") = "Rise.Students.Domain", "src\Rise.Student.Domain\Rise.Students.Domain.csproj", "{8235961A-8C4D-471B-A2A1-0B955DE9E7D2}"
EndProject
Project("{2150E333-8FDC-42A3-9474-1A3956D46DE8}") = "Vocabulary", "Vocabulary", "{763BCF3F-CF4D-4702-9724-EBAD6707DD77}"
EndProject
Project("{9A19103F-16F7-4668-BE54-9A1E7A4F7556}") = "Rise.Vocabulary.Application", "src\Rise.Vocabulary.Application\Rise.Vocabulary.Application.csproj", "{7885B469-A241-4F3A-BEB8-1A0B6B652473}"
EndProject
Project("{9A19103F-16F7-4668-BE54-9A1E7A4F7556}") = "Rise.Vocabulary.Data", "src\Rise.Vocabulary.Data\Rise.Vocabulary.Data.csproj", "{947344AB-20D0-434C-A43E-0819EB2DBC78}"
EndProject
Project("{9A19103F-16F7-4668-BE54-9A1E7A4F7556}") = "Rise.Vocabulary.Domain", "src\Rise.Vocabulary.Domain\Rise.Vocabulary.Domain.csproj", "{4D620B70-20C9-4F9B-86D4-F1CDEB74BFD6}"
EndProject
Project("{2150E333-8FDC-42A3-9474-1A3956D46DE8}") = "Email", "Email", "{E3B98927-BB5F-42AA-AF6B-7D7D0D43050B}"
EndProject
Project("{9A19103F-16F7-4668-BE54-9A1E7A4F7556}") = "Rise.Email.Api", "src\Rise.Email.Api\Rise.Email.Api.csproj", "{CA6AC13F-9E5B-4513-B12C-BC215451E952}"
EndProject
Project("{9A19103F-16F7-4668-BE54-9A1E7A4F7556}") = "Rise.Email.AntiCorruption", "src\Rise.Email.AntiCorruption\Rise.Email.AntiCorruption.csproj", "{46F8D766-B499-4598-B48C-C17CDB75DFB3}"
EndProject
Project("{2150E333-8FDC-42A3-9474-1A3956D46DE8}") = "Image", "Image", "{B84386B2-7FCA-458A-916B-9632EF5D5B96}"
EndProject
Project("{9A19103F-16F7-4668-BE54-9A1E7A4F7556}") = "Rise.ImageUpload.AntiCorruption", "src\Rise.Image.AntiCorruption\Rise.ImageUpload.AntiCorruption.csproj", "{C3DB7BB9-A913-49EE-981F-8E2097F2A87D}"
EndProject
Project("{9A19103F-16F7-4668-BE54-9A1E7A4F7556}") = "Rise.ImageUpload.Api", "src\Rise.Image.Api\Rise.ImageUpload.Api.csproj", "{40C337A0-169B-48E5-89CF-243689BF461E}"
EndProject
Project("{2150E333-8FDC-42A3-9474-1A3956D46DE8}") = "Tests", "Tests", "{F8E17912-6B0C-4601-BBC4-D8F2CC60388B}"
EndProject
Project("{9A19103F-16F7-4668-BE54-9A1E7A4F7556}") = "Rise.Users.Domain.Tests", "tests\Rise.Users.Domain.Tests\Rise.Users.Domain.Tests.csproj", "{EA5273BB-0E5D-4D79-B2D7-46D12DAD96EC}"
EndProject
Global
	GlobalSection(SolutionConfigurationPlatforms) = preSolution
		Debug|Any CPU = Debug|Any CPU
		Release|Any CPU = Release|Any CPU
	EndGlobalSection
	GlobalSection(ProjectConfigurationPlatforms) = postSolution
		{D8423790-6775-4ED0-A2A7-3910E7AEE421}.Debug|Any CPU.ActiveCfg = Debug|Any CPU
		{D8423790-6775-4ED0-A2A7-3910E7AEE421}.Debug|Any CPU.Build.0 = Debug|Any CPU
		{D8423790-6775-4ED0-A2A7-3910E7AEE421}.Release|Any CPU.ActiveCfg = Release|Any CPU
		{D8423790-6775-4ED0-A2A7-3910E7AEE421}.Release|Any CPU.Build.0 = Release|Any CPU
		{304E5BA4-C3BF-4120-860A-699365427D1B}.Debug|Any CPU.ActiveCfg = Debug|Any CPU
		{304E5BA4-C3BF-4120-860A-699365427D1B}.Debug|Any CPU.Build.0 = Debug|Any CPU
		{304E5BA4-C3BF-4120-860A-699365427D1B}.Release|Any CPU.ActiveCfg = Release|Any CPU
		{304E5BA4-C3BF-4120-860A-699365427D1B}.Release|Any CPU.Build.0 = Release|Any CPU
		{B7D22E0C-B50E-43FD-AC3C-CF160B733869}.Debug|Any CPU.ActiveCfg = Debug|Any CPU
		{B7D22E0C-B50E-43FD-AC3C-CF160B733869}.Debug|Any CPU.Build.0 = Debug|Any CPU
		{B7D22E0C-B50E-43FD-AC3C-CF160B733869}.Release|Any CPU.ActiveCfg = Release|Any CPU
		{B7D22E0C-B50E-43FD-AC3C-CF160B733869}.Release|Any CPU.Build.0 = Release|Any CPU
		{5E376F50-C595-4319-9990-D1CB14B43C2B}.Debug|Any CPU.ActiveCfg = Debug|Any CPU
		{5E376F50-C595-4319-9990-D1CB14B43C2B}.Debug|Any CPU.Build.0 = Debug|Any CPU
		{5E376F50-C595-4319-9990-D1CB14B43C2B}.Release|Any CPU.ActiveCfg = Release|Any CPU
		{5E376F50-C595-4319-9990-D1CB14B43C2B}.Release|Any CPU.Build.0 = Release|Any CPU
		{0A26BE32-28EA-4C04-8751-B57661B96FC9}.Debug|Any CPU.ActiveCfg = Debug|Any CPU
		{0A26BE32-28EA-4C04-8751-B57661B96FC9}.Debug|Any CPU.Build.0 = Debug|Any CPU
		{0A26BE32-28EA-4C04-8751-B57661B96FC9}.Release|Any CPU.ActiveCfg = Release|Any CPU
		{0A26BE32-28EA-4C04-8751-B57661B96FC9}.Release|Any CPU.Build.0 = Release|Any CPU
		{7C238F56-743B-42FE-8C62-4B3048D389AC}.Debug|Any CPU.ActiveCfg = Debug|Any CPU
		{7C238F56-743B-42FE-8C62-4B3048D389AC}.Debug|Any CPU.Build.0 = Debug|Any CPU
		{7C238F56-743B-42FE-8C62-4B3048D389AC}.Release|Any CPU.ActiveCfg = Release|Any CPU
		{7C238F56-743B-42FE-8C62-4B3048D389AC}.Release|Any CPU.Build.0 = Release|Any CPU
		{CD2F4423-15F1-4AAC-B89D-55B935C15F66}.Debug|Any CPU.ActiveCfg = Debug|Any CPU
		{CD2F4423-15F1-4AAC-B89D-55B935C15F66}.Debug|Any CPU.Build.0 = Debug|Any CPU
		{CD2F4423-15F1-4AAC-B89D-55B935C15F66}.Release|Any CPU.ActiveCfg = Release|Any CPU
		{CD2F4423-15F1-4AAC-B89D-55B935C15F66}.Release|Any CPU.Build.0 = Release|Any CPU
		{DBFD01D7-E51B-4720-8E1E-22EE8E3C4C48}.Debug|Any CPU.ActiveCfg = Debug|Any CPU
		{DBFD01D7-E51B-4720-8E1E-22EE8E3C4C48}.Debug|Any CPU.Build.0 = Debug|Any CPU
		{DBFD01D7-E51B-4720-8E1E-22EE8E3C4C48}.Release|Any CPU.ActiveCfg = Release|Any CPU
		{DBFD01D7-E51B-4720-8E1E-22EE8E3C4C48}.Release|Any CPU.Build.0 = Release|Any CPU
		{6952C343-6325-4DBA-B851-B746707556BB}.Debug|Any CPU.ActiveCfg = Debug|Any CPU
		{6952C343-6325-4DBA-B851-B746707556BB}.Debug|Any CPU.Build.0 = Debug|Any CPU
		{6952C343-6325-4DBA-B851-B746707556BB}.Release|Any CPU.ActiveCfg = Release|Any CPU
		{6952C343-6325-4DBA-B851-B746707556BB}.Release|Any CPU.Build.0 = Release|Any CPU
		{8235961A-8C4D-471B-A2A1-0B955DE9E7D2}.Debug|Any CPU.ActiveCfg = Debug|Any CPU
		{8235961A-8C4D-471B-A2A1-0B955DE9E7D2}.Debug|Any CPU.Build.0 = Debug|Any CPU
		{8235961A-8C4D-471B-A2A1-0B955DE9E7D2}.Release|Any CPU.ActiveCfg = Release|Any CPU
		{8235961A-8C4D-471B-A2A1-0B955DE9E7D2}.Release|Any CPU.Build.0 = Release|Any CPU
		{7885B469-A241-4F3A-BEB8-1A0B6B652473}.Debug|Any CPU.ActiveCfg = Debug|Any CPU
		{7885B469-A241-4F3A-BEB8-1A0B6B652473}.Debug|Any CPU.Build.0 = Debug|Any CPU
		{7885B469-A241-4F3A-BEB8-1A0B6B652473}.Release|Any CPU.ActiveCfg = Release|Any CPU
		{7885B469-A241-4F3A-BEB8-1A0B6B652473}.Release|Any CPU.Build.0 = Release|Any CPU
		{947344AB-20D0-434C-A43E-0819EB2DBC78}.Debug|Any CPU.ActiveCfg = Debug|Any CPU
		{947344AB-20D0-434C-A43E-0819EB2DBC78}.Debug|Any CPU.Build.0 = Debug|Any CPU
		{947344AB-20D0-434C-A43E-0819EB2DBC78}.Release|Any CPU.ActiveCfg = Release|Any CPU
		{947344AB-20D0-434C-A43E-0819EB2DBC78}.Release|Any CPU.Build.0 = Release|Any CPU
		{4D620B70-20C9-4F9B-86D4-F1CDEB74BFD6}.Debug|Any CPU.ActiveCfg = Debug|Any CPU
		{4D620B70-20C9-4F9B-86D4-F1CDEB74BFD6}.Debug|Any CPU.Build.0 = Debug|Any CPU
		{4D620B70-20C9-4F9B-86D4-F1CDEB74BFD6}.Release|Any CPU.ActiveCfg = Release|Any CPU
		{4D620B70-20C9-4F9B-86D4-F1CDEB74BFD6}.Release|Any CPU.Build.0 = Release|Any CPU
		{CA6AC13F-9E5B-4513-B12C-BC215451E952}.Debug|Any CPU.ActiveCfg = Debug|Any CPU
		{CA6AC13F-9E5B-4513-B12C-BC215451E952}.Debug|Any CPU.Build.0 = Debug|Any CPU
		{CA6AC13F-9E5B-4513-B12C-BC215451E952}.Release|Any CPU.ActiveCfg = Release|Any CPU
		{CA6AC13F-9E5B-4513-B12C-BC215451E952}.Release|Any CPU.Build.0 = Release|Any CPU
		{46F8D766-B499-4598-B48C-C17CDB75DFB3}.Debug|Any CPU.ActiveCfg = Debug|Any CPU
		{46F8D766-B499-4598-B48C-C17CDB75DFB3}.Debug|Any CPU.Build.0 = Debug|Any CPU
		{46F8D766-B499-4598-B48C-C17CDB75DFB3}.Release|Any CPU.ActiveCfg = Release|Any CPU
		{46F8D766-B499-4598-B48C-C17CDB75DFB3}.Release|Any CPU.Build.0 = Release|Any CPU
		{C3DB7BB9-A913-49EE-981F-8E2097F2A87D}.Debug|Any CPU.ActiveCfg = Debug|Any CPU
		{C3DB7BB9-A913-49EE-981F-8E2097F2A87D}.Debug|Any CPU.Build.0 = Debug|Any CPU
		{C3DB7BB9-A913-49EE-981F-8E2097F2A87D}.Release|Any CPU.ActiveCfg = Release|Any CPU
		{C3DB7BB9-A913-49EE-981F-8E2097F2A87D}.Release|Any CPU.Build.0 = Release|Any CPU
		{40C337A0-169B-48E5-89CF-243689BF461E}.Debug|Any CPU.ActiveCfg = Debug|Any CPU
		{40C337A0-169B-48E5-89CF-243689BF461E}.Debug|Any CPU.Build.0 = Debug|Any CPU
		{40C337A0-169B-48E5-89CF-243689BF461E}.Release|Any CPU.ActiveCfg = Release|Any CPU
		{40C337A0-169B-48E5-89CF-243689BF461E}.Release|Any CPU.Build.0 = Release|Any CPU
		{EA5273BB-0E5D-4D79-B2D7-46D12DAD96EC}.Debug|Any CPU.ActiveCfg = Debug|Any CPU
		{EA5273BB-0E5D-4D79-B2D7-46D12DAD96EC}.Debug|Any CPU.Build.0 = Debug|Any CPU
		{EA5273BB-0E5D-4D79-B2D7-46D12DAD96EC}.Release|Any CPU.ActiveCfg = Release|Any CPU
		{EA5273BB-0E5D-4D79-B2D7-46D12DAD96EC}.Release|Any CPU.Build.0 = Release|Any CPU
	EndGlobalSection
	GlobalSection(SolutionProperties) = preSolution
		HideSolutionNode = FALSE
	EndGlobalSection
	GlobalSection(NestedProjects) = preSolution
		{D8423790-6775-4ED0-A2A7-3910E7AEE421} = {8386FC28-334E-486C-8BBD-5BA642327D9F}
		{4865DBD0-80B9-49C2-9CA7-BA2209CA28A4} = {278B5D87-39DB-41F0-9CA8-C02026FDFECB}
		{BBF2B8C1-FF40-4F6C-9E70-EF3344E228D7} = {278B5D87-39DB-41F0-9CA8-C02026FDFECB}
		{304E5BA4-C3BF-4120-860A-699365427D1B} = {BBF2B8C1-FF40-4F6C-9E70-EF3344E228D7}
		{B7D22E0C-B50E-43FD-AC3C-CF160B733869} = {BBF2B8C1-FF40-4F6C-9E70-EF3344E228D7}
		{5E376F50-C595-4319-9990-D1CB14B43C2B} = {4865DBD0-80B9-49C2-9CA7-BA2209CA28A4}
		{0A26BE32-28EA-4C04-8751-B57661B96FC9} = {4865DBD0-80B9-49C2-9CA7-BA2209CA28A4}
		{7C238F56-743B-42FE-8C62-4B3048D389AC} = {4865DBD0-80B9-49C2-9CA7-BA2209CA28A4}
		{CD2F4423-15F1-4AAC-B89D-55B935C15F66} = {8386FC28-334E-486C-8BBD-5BA642327D9F}
		{0C3E00D8-74C7-4768-A72A-0F99E9B79235} = {278B5D87-39DB-41F0-9CA8-C02026FDFECB}
		{DBFD01D7-E51B-4720-8E1E-22EE8E3C4C48} = {0C3E00D8-74C7-4768-A72A-0F99E9B79235}
		{6952C343-6325-4DBA-B851-B746707556BB} = {0C3E00D8-74C7-4768-A72A-0F99E9B79235}
		{8235961A-8C4D-471B-A2A1-0B955DE9E7D2} = {0C3E00D8-74C7-4768-A72A-0F99E9B79235}
		{763BCF3F-CF4D-4702-9724-EBAD6707DD77} = {278B5D87-39DB-41F0-9CA8-C02026FDFECB}
		{7885B469-A241-4F3A-BEB8-1A0B6B652473} = {763BCF3F-CF4D-4702-9724-EBAD6707DD77}
		{947344AB-20D0-434C-A43E-0819EB2DBC78} = {763BCF3F-CF4D-4702-9724-EBAD6707DD77}
		{4D620B70-20C9-4F9B-86D4-F1CDEB74BFD6} = {763BCF3F-CF4D-4702-9724-EBAD6707DD77}
		{E3B98927-BB5F-42AA-AF6B-7D7D0D43050B} = {0E3A5E3D-310F-48F3-8F47-EC66C37E897D}
		{CA6AC13F-9E5B-4513-B12C-BC215451E952} = {E3B98927-BB5F-42AA-AF6B-7D7D0D43050B}
		{46F8D766-B499-4598-B48C-C17CDB75DFB3} = {E3B98927-BB5F-42AA-AF6B-7D7D0D43050B}
		{B84386B2-7FCA-458A-916B-9632EF5D5B96} = {0E3A5E3D-310F-48F3-8F47-EC66C37E897D}
		{C3DB7BB9-A913-49EE-981F-8E2097F2A87D} = {B84386B2-7FCA-458A-916B-9632EF5D5B96}
		{40C337A0-169B-48E5-89CF-243689BF461E} = {B84386B2-7FCA-458A-916B-9632EF5D5B96}
		{F8E17912-6B0C-4601-BBC4-D8F2CC60388B} = {4865DBD0-80B9-49C2-9CA7-BA2209CA28A4}
		{EA5273BB-0E5D-4D79-B2D7-46D12DAD96EC} = {F8E17912-6B0C-4601-BBC4-D8F2CC60388B}
	EndGlobalSection
	GlobalSection(ExtensibilityGlobals) = postSolution
		SolutionGuid = {A4224C91-2238-4E2B-B0C3-E683A96E464E}
	EndGlobalSection
EndGlobal
